
Microsoft Visual Studio Solution File, Format Version 12.00
Project("{FAE04EC0-301F-11D3-BF4B-00C04F79EFBC}") = "apbd12", "apbd12\apbd12.csproj", "{3C73BC5F-493F-470C-85D5-ED8A5EE8E2F2}"
EndProject
Global
	GlobalSection(SolutionConfigurationPlatforms) = preSolution
		Debug|Any CPU = Debug|Any CPU
		Release|Any CPU = Release|Any CPU
	EndGlobalSection
	GlobalSection(ProjectConfigurationPlatforms) = postSolution
		{3C73BC5F-493F-470C-85D5-ED8A5EE8E2F2}.Debug|Any CPU.ActiveCfg = Debug|Any CPU
		{3C73BC5F-493F-470C-85D5-ED8A5EE8E2F2}.Debug|Any CPU.Build.0 = Debug|Any CPU
		{3C73BC5F-493F-470C-85D5-ED8A5EE8E2F2}.Release|Any CPU.ActiveCfg = Release|Any CPU
		{3C73BC5F-493F-470C-85D5-ED8A5EE8E2F2}.Release|Any CPU.Build.0 = Release|Any CPU
	EndGlobalSection
EndGlobal
